
Microsoft Visual Studio Solution File, Format Version 12.00
# Visual Studio 15
VisualStudioVersion = 15.0.26730.16
MinimumVisualStudioVersion = 10.0.40219.1
Project("{8BC9CEB8-8B4A-11D0-8D11-00A0C91BC942}") = "U201714626_4", "U201714626_4\U201714626_4.vcxproj", "{18740174-F469-4E7D-ADC2-3D23D30522DB}"
EndProject
Global
	GlobalSection(SolutionConfigurationPlatforms) = preSolution
		Debug|x64 = Debug|x64
		Debug|x86 = Debug|x86
		Release|x64 = Release|x64
		Release|x86 = Release|x86
	EndGlobalSection
	GlobalSection(ProjectConfigurationPlatforms) = postSolution
		{18740174-F469-4E7D-ADC2-3D23D30522DB}.Debug|x64.ActiveCfg = Debug|x64
		{18740174-F469-4E7D-ADC2-3D23D30522DB}.Debug|x64.Build.0 = Debug|x64
		{18740174-F469-4E7D-ADC2-3D23D30522DB}.Debug|x86.ActiveCfg = Debug|Win32
		{18740174-F469-4E7D-ADC2-3D23D30522DB}.Debug|x86.Build.0 = Debug|Win32
		{18740174-F469-4E7D-ADC2-3D23D30522DB}.Release|x64.ActiveCfg = Release|x64
		{18740174-F469-4E7D-ADC2-3D23D30522DB}.Release|x64.Build.0 = Release|x64
		{18740174-F469-4E7D-ADC2-3D23D30522DB}.Release|x86.ActiveCfg = Release|Win32
		{18740174-F469-4E7D-ADC2-3D23D30522DB}.Release|x86.Build.0 = Release|Win32
	EndGlobalSection
	GlobalSection(SolutionProperties) = preSolution
		HideSolutionNode = FALSE
	EndGlobalSection
	GlobalSection(ExtensibilityGlobals) = postSolution
		SolutionGuid = {00A92042-3F7D-4350-B114-96491AB429A2}
	EndGlobalSection
EndGlobal
